
Microsoft Visual Studio Solution File, Format Version 12.00
# Visual Studio Version 17
VisualStudioVersion = 17.5.002.0
MinimumVisualStudioVersion = 10.0.40219.1
Project("{9A19103F-16F7-4668-BE54-9A1E7A4F7556}") = "switch-case", "switch-case.csproj", "{A3AB4BC8-DA18-48FF-BEB0-DA7F92284645}"
EndProject
Global
	GlobalSection(SolutionConfigurationPlatforms) = preSolution
		Debug|Any CPU = Debug|Any CPU
		Release|Any CPU = Release|Any CPU
	EndGlobalSection
	GlobalSection(ProjectConfigurationPlatforms) = postSolution
		{A3AB4BC8-DA18-48FF-BEB0-DA7F92284645}.Debug|Any CPU.ActiveCfg = Debug|Any CPU
		{A3AB4BC8-DA18-48FF-BEB0-DA7F92284645}.Debug|Any CPU.Build.0 = Debug|Any CPU
		{A3AB4BC8-DA18-48FF-BEB0-DA7F92284645}.Release|Any CPU.ActiveCfg = Release|Any CPU
		{A3AB4BC8-DA18-48FF-BEB0-DA7F92284645}.Release|Any CPU.Build.0 = Release|Any CPU
	EndGlobalSection
	GlobalSection(SolutionProperties) = preSolution
		HideSolutionNode = FALSE
	EndGlobalSection
	GlobalSection(ExtensibilityGlobals) = postSolution
		SolutionGuid = {599B29DC-B6E0-4454-BF94-F1347CB83898}
	EndGlobalSection
EndGlobal
